
Microsoft Visual Studio Solution File, Format Version 12.00
# Visual Studio Version 17
VisualStudioVersion = 17.2.32630.192
MinimumVisualStudioVersion = 10.0.40219.1
Project("{FAE04EC0-301F-11D3-BF4B-00C04F79EFBC}") = "MVCCRUD2", "MVCCRUD2\MVCCRUD2.csproj", "{46816266-50A6-4EA3-858A-1A91A5FC2D7C}"
EndProject
Global
	GlobalSection(SolutionConfigurationPlatforms) = preSolution
		Debug|Any CPU = Debug|Any CPU
		Release|Any CPU = Release|Any CPU
	EndGlobalSection
	GlobalSection(ProjectConfigurationPlatforms) = postSolution
		{46816266-50A6-4EA3-858A-1A91A5FC2D7C}.Debug|Any CPU.ActiveCfg = Debug|Any CPU
		{46816266-50A6-4EA3-858A-1A91A5FC2D7C}.Debug|Any CPU.Build.0 = Debug|Any CPU
		{46816266-50A6-4EA3-858A-1A91A5FC2D7C}.Release|Any CPU.ActiveCfg = Release|Any CPU
		{46816266-50A6-4EA3-858A-1A91A5FC2D7C}.Release|Any CPU.Build.0 = Release|Any CPU
	EndGlobalSection
	GlobalSection(SolutionProperties) = preSolution
		HideSolutionNode = FALSE
	EndGlobalSection
	GlobalSection(ExtensibilityGlobals) = postSolution
		SolutionGuid = {C2A67490-89A3-413D-A98E-0CA0D73A299D}
	EndGlobalSection
EndGlobal
